
Microsoft Visual Studio Solution File, Format Version 12.00
# Visual Studio 2015
Project("{FAE04EC0-301F-11D3-BF4B-00C04F79EFBC}") = "ManHookupPlay.Plugins", "ManHookupPlay.Plugins.csproj", "{8B6CDFEB-640F-1A73-EB7F-015322F5D48F}"
EndProject
Project("{FAE04EC0-301F-11D3-BF4B-00C04F79EFBC}") = "ManHookupPlay", "ManHookupPlay.csproj", "{81774FCE-292D-8291-7982-C8840996D2A7}"
EndProject
Project("{FAE04EC0-301F-11D3-BF4B-00C04F79EFBC}") = "ManHookupPlay.Editor.Plugins", "ManHookupPlay.Editor.Plugins.csproj", "{3288877E-CD89-3FC3-49BA-3B69EA29A4D8}"
EndProject
Global
	GlobalSection(SolutionConfigurationPlatforms) = preSolution
		Debug|Any CPU = Debug|Any CPU
		Release|Any CPU = Release|Any CPU
	EndGlobalSection
	GlobalSection(ProjectConfigurationPlatforms) = postSolution
		{8B6CDFEB-640F-1A73-EB7F-015322F5D48F}.Debug|Any CPU.ActiveCfg = Debug|Any CPU
		{8B6CDFEB-640F-1A73-EB7F-015322F5D48F}.Debug|Any CPU.Build.0 = Debug|Any CPU
		{8B6CDFEB-640F-1A73-EB7F-015322F5D48F}.Release|Any CPU.ActiveCfg = Release|Any CPU
		{8B6CDFEB-640F-1A73-EB7F-015322F5D48F}.Release|Any CPU.Build.0 = Release|Any CPU
		{81774FCE-292D-8291-7982-C8840996D2A7}.Debug|Any CPU.ActiveCfg = Debug|Any CPU
		{81774FCE-292D-8291-7982-C8840996D2A7}.Debug|Any CPU.Build.0 = Debug|Any CPU
		{81774FCE-292D-8291-7982-C8840996D2A7}.Release|Any CPU.ActiveCfg = Release|Any CPU
		{81774FCE-292D-8291-7982-C8840996D2A7}.Release|Any CPU.Build.0 = Release|Any CPU
		{3288877E-CD89-3FC3-49BA-3B69EA29A4D8}.Debug|Any CPU.ActiveCfg = Debug|Any CPU
		{3288877E-CD89-3FC3-49BA-3B69EA29A4D8}.Debug|Any CPU.Build.0 = Debug|Any CPU
		{3288877E-CD89-3FC3-49BA-3B69EA29A4D8}.Release|Any CPU.ActiveCfg = Release|Any CPU
		{3288877E-CD89-3FC3-49BA-3B69EA29A4D8}.Release|Any CPU.Build.0 = Release|Any CPU
	EndGlobalSection
	GlobalSection(SolutionProperties) = preSolution
		HideSolutionNode = FALSE
	EndGlobalSection
EndGlobal
