
Microsoft Visual Studio Solution File, Format Version 12.00
# Visual Studio 2015
Project("{FAE04EC0-301F-11D3-BF4B-00C04F79EFBC}") = "WithMicrosoftStuff.Plugins", "WithMicrosoftStuff.Plugins.csproj", "{5491F4A9-9921-829F-4CD8-99A4F60C87D5}"
EndProject
Project("{FAE04EC0-301F-11D3-BF4B-00C04F79EFBC}") = "WithMicrosoftStuff", "WithMicrosoftStuff.csproj", "{BD83E46E-8FEE-E69A-5725-FC3144CE0288}"
EndProject
Project("{FAE04EC0-301F-11D3-BF4B-00C04F79EFBC}") = "WithMicrosoftStuff.Editor.Plugins", "WithMicrosoftStuff.Editor.Plugins.csproj", "{A29C3320-9744-6593-2EE3-6A3CDA386383}"
EndProject
Global
	GlobalSection(SolutionConfigurationPlatforms) = preSolution
		Debug|Any CPU = Debug|Any CPU
		Release|Any CPU = Release|Any CPU
	EndGlobalSection
	GlobalSection(ProjectConfigurationPlatforms) = postSolution
		{5491F4A9-9921-829F-4CD8-99A4F60C87D5}.Debug|Any CPU.ActiveCfg = Debug|Any CPU
		{5491F4A9-9921-829F-4CD8-99A4F60C87D5}.Debug|Any CPU.Build.0 = Debug|Any CPU
		{5491F4A9-9921-829F-4CD8-99A4F60C87D5}.Release|Any CPU.ActiveCfg = Release|Any CPU
		{5491F4A9-9921-829F-4CD8-99A4F60C87D5}.Release|Any CPU.Build.0 = Release|Any CPU
		{BD83E46E-8FEE-E69A-5725-FC3144CE0288}.Debug|Any CPU.ActiveCfg = Debug|Any CPU
		{BD83E46E-8FEE-E69A-5725-FC3144CE0288}.Debug|Any CPU.Build.0 = Debug|Any CPU
		{BD83E46E-8FEE-E69A-5725-FC3144CE0288}.Release|Any CPU.ActiveCfg = Release|Any CPU
		{BD83E46E-8FEE-E69A-5725-FC3144CE0288}.Release|Any CPU.Build.0 = Release|Any CPU
		{A29C3320-9744-6593-2EE3-6A3CDA386383}.Debug|Any CPU.ActiveCfg = Debug|Any CPU
		{A29C3320-9744-6593-2EE3-6A3CDA386383}.Debug|Any CPU.Build.0 = Debug|Any CPU
		{A29C3320-9744-6593-2EE3-6A3CDA386383}.Release|Any CPU.ActiveCfg = Release|Any CPU
		{A29C3320-9744-6593-2EE3-6A3CDA386383}.Release|Any CPU.Build.0 = Release|Any CPU
	EndGlobalSection
	GlobalSection(SolutionProperties) = preSolution
		HideSolutionNode = FALSE
	EndGlobalSection
EndGlobal
