
Microsoft Visual Studio Solution File, Format Version 12.00
# Visual Studio 2015
Project("{FAE04EC0-301F-11D3-BF4B-00C04F79EFBC}") = "Enviorments", "Enviorments.csproj", "{CEC75AB3-D6D6-2265-4332-9033DB9B34C0}"
EndProject
Project("{FAE04EC0-301F-11D3-BF4B-00C04F79EFBC}") = "Enviorments.Editor", "Enviorments.Editor.csproj", "{D6C321C7-9CF4-57F3-D83C-913B4077BC0C}"
EndProject
Global
	GlobalSection(SolutionConfigurationPlatforms) = preSolution
		Debug|Any CPU = Debug|Any CPU
		Release|Any CPU = Release|Any CPU
	EndGlobalSection
	GlobalSection(ProjectConfigurationPlatforms) = postSolution
		{CEC75AB3-D6D6-2265-4332-9033DB9B34C0}.Debug|Any CPU.ActiveCfg = Debug|Any CPU
		{CEC75AB3-D6D6-2265-4332-9033DB9B34C0}.Debug|Any CPU.Build.0 = Debug|Any CPU
		{CEC75AB3-D6D6-2265-4332-9033DB9B34C0}.Release|Any CPU.ActiveCfg = Release|Any CPU
		{CEC75AB3-D6D6-2265-4332-9033DB9B34C0}.Release|Any CPU.Build.0 = Release|Any CPU
		{D6C321C7-9CF4-57F3-D83C-913B4077BC0C}.Debug|Any CPU.ActiveCfg = Debug|Any CPU
		{D6C321C7-9CF4-57F3-D83C-913B4077BC0C}.Debug|Any CPU.Build.0 = Debug|Any CPU
		{D6C321C7-9CF4-57F3-D83C-913B4077BC0C}.Release|Any CPU.ActiveCfg = Release|Any CPU
		{D6C321C7-9CF4-57F3-D83C-913B4077BC0C}.Release|Any CPU.Build.0 = Release|Any CPU
	EndGlobalSection
	GlobalSection(SolutionProperties) = preSolution
		HideSolutionNode = FALSE
	EndGlobalSection
EndGlobal
